
Microsoft Visual Studio Solution File, Format Version 12.00
# Visual Studio Version 16
VisualStudioVersion = 16.0.30621.155
MinimumVisualStudioVersion = 10.0.40219.1
Project("{FAE04EC0-301F-11D3-BF4B-00C04F79EFBC}") = "InternalDB", "InternalDB\InternalDB.csproj", "{8BEF320F-9EF8-46A9-8D98-00EF9D532A47}"
EndProject
Global
	GlobalSection(SolutionConfigurationPlatforms) = preSolution
		Debug|Any CPU = Debug|Any CPU
		Release|Any CPU = Release|Any CPU
	EndGlobalSection
	GlobalSection(ProjectConfigurationPlatforms) = postSolution
		{8BEF320F-9EF8-46A9-8D98-00EF9D532A47}.Debug|Any CPU.ActiveCfg = Debug|Any CPU
		{8BEF320F-9EF8-46A9-8D98-00EF9D532A47}.Debug|Any CPU.Build.0 = Debug|Any CPU
		{8BEF320F-9EF8-46A9-8D98-00EF9D532A47}.Release|Any CPU.ActiveCfg = Release|Any CPU
		{8BEF320F-9EF8-46A9-8D98-00EF9D532A47}.Release|Any CPU.Build.0 = Release|Any CPU
	EndGlobalSection
	GlobalSection(SolutionProperties) = preSolution
		HideSolutionNode = FALSE
	EndGlobalSection
	GlobalSection(ExtensibilityGlobals) = postSolution
		SolutionGuid = {7559E876-77AE-44B1-912B-052A94397A06}
	EndGlobalSection
EndGlobal
